
Microsoft Visual Studio Solution File, Format Version 12.00
# Visual Studio Version 16
VisualStudioVersion = 16.0.31129.286
MinimumVisualStudioVersion = 10.0.40219.1
Project("{FAE04EC0-301F-11D3-BF4B-00C04F79EFBC}") = "SFML.Machina", "SFML.Machina\SFML.Machina.csproj", "{F4262086-3ED3-4754-80A2-DF1D95F31BEA}"
EndProject
Project("{FAE04EC0-301F-11D3-BF4B-00C04F79EFBC}") = "SFML.Machina.Demo", "SFML.Machina.Demo\SFML.Machina.Demo.csproj", "{5881CD28-8B62-4495-9944-326986D4AEDB}"
EndProject
Global
	GlobalSection(SolutionConfigurationPlatforms) = preSolution
		Debug|Any CPU = Debug|Any CPU
		Release|Any CPU = Release|Any CPU
	EndGlobalSection
	GlobalSection(ProjectConfigurationPlatforms) = postSolution
		{F4262086-3ED3-4754-80A2-DF1D95F31BEA}.Debug|Any CPU.ActiveCfg = Debug|Any CPU
		{F4262086-3ED3-4754-80A2-DF1D95F31BEA}.Debug|Any CPU.Build.0 = Debug|Any CPU
		{F4262086-3ED3-4754-80A2-DF1D95F31BEA}.Release|Any CPU.ActiveCfg = Release|Any CPU
		{F4262086-3ED3-4754-80A2-DF1D95F31BEA}.Release|Any CPU.Build.0 = Release|Any CPU
		{5881CD28-8B62-4495-9944-326986D4AEDB}.Debug|Any CPU.ActiveCfg = Debug|Any CPU
		{5881CD28-8B62-4495-9944-326986D4AEDB}.Debug|Any CPU.Build.0 = Debug|Any CPU
		{5881CD28-8B62-4495-9944-326986D4AEDB}.Release|Any CPU.ActiveCfg = Release|Any CPU
		{5881CD28-8B62-4495-9944-326986D4AEDB}.Release|Any CPU.Build.0 = Release|Any CPU
	EndGlobalSection
	GlobalSection(SolutionProperties) = preSolution
		HideSolutionNode = FALSE
	EndGlobalSection
	GlobalSection(ExtensibilityGlobals) = postSolution
		SolutionGuid = {A27B8414-3AD3-4346-922E-D5B8E24FFFF1}
	EndGlobalSection
EndGlobal
