
Microsoft Visual Studio Solution File, Format Version 12.00
# Visual Studio Version 16
VisualStudioVersion = 16.0.31129.286
MinimumVisualStudioVersion = 10.0.40219.1
Project("{9A19103F-16F7-4668-BE54-9A1E7A4F7556}") = "SmallHax.SfmlExtensions.Node", "SmallHax.SfmlExtensions.Node\SmallHax.SfmlExtensions.Node.csproj", "{9B7AD655-0359-4652-8650-3547193FA5A2}"
EndProject
Project("{9A19103F-16F7-4668-BE54-9A1E7A4F7556}") = "SmallHax.SfmlExtensions.Node.Demo", "SmallHax.SfmlExtensions.Node.Demo\SmallHax.SfmlExtensions.Node.Demo.csproj", "{13849A3A-C3A4-4A54-92AF-2213FB337583}"
EndProject
Global
	GlobalSection(SolutionConfigurationPlatforms) = preSolution
		Debug|Any CPU = Debug|Any CPU
		Release|Any CPU = Release|Any CPU
	EndGlobalSection
	GlobalSection(ProjectConfigurationPlatforms) = postSolution
		{9B7AD655-0359-4652-8650-3547193FA5A2}.Debug|Any CPU.ActiveCfg = Debug|Any CPU
		{9B7AD655-0359-4652-8650-3547193FA5A2}.Debug|Any CPU.Build.0 = Debug|Any CPU
		{9B7AD655-0359-4652-8650-3547193FA5A2}.Release|Any CPU.ActiveCfg = Release|Any CPU
		{9B7AD655-0359-4652-8650-3547193FA5A2}.Release|Any CPU.Build.0 = Release|Any CPU
		{13849A3A-C3A4-4A54-92AF-2213FB337583}.Debug|Any CPU.ActiveCfg = Debug|Any CPU
		{13849A3A-C3A4-4A54-92AF-2213FB337583}.Debug|Any CPU.Build.0 = Debug|Any CPU
		{13849A3A-C3A4-4A54-92AF-2213FB337583}.Release|Any CPU.ActiveCfg = Release|Any CPU
		{13849A3A-C3A4-4A54-92AF-2213FB337583}.Release|Any CPU.Build.0 = Release|Any CPU
	EndGlobalSection
	GlobalSection(SolutionProperties) = preSolution
		HideSolutionNode = FALSE
	EndGlobalSection
	GlobalSection(ExtensibilityGlobals) = postSolution
		SolutionGuid = {A27B8414-3AD3-4346-922E-D5B8E24FFFF1}
	EndGlobalSection
EndGlobal
